
Microsoft Visual Studio Solution File, Format Version 12.00
# Visual Studio Version 16
VisualStudioVersion = 16.0.31729.503
MinimumVisualStudioVersion = 10.0.40219.1
Project("{FAE04EC0-301F-11D3-BF4B-00C04F79EFBC}") = "FormToDB", "FormToDB\FormToDB.csproj", "{17AC6F63-212A-4463-AB49-BF7CFC00943A}"
EndProject
Global
	GlobalSection(SolutionConfigurationPlatforms) = preSolution
		Debug|Any CPU = Debug|Any CPU
		Release|Any CPU = Release|Any CPU
	EndGlobalSection
	GlobalSection(ProjectConfigurationPlatforms) = postSolution
		{17AC6F63-212A-4463-AB49-BF7CFC00943A}.Debug|Any CPU.ActiveCfg = Debug|Any CPU
		{17AC6F63-212A-4463-AB49-BF7CFC00943A}.Debug|Any CPU.Build.0 = Debug|Any CPU
		{17AC6F63-212A-4463-AB49-BF7CFC00943A}.Release|Any CPU.ActiveCfg = Release|Any CPU
		{17AC6F63-212A-4463-AB49-BF7CFC00943A}.Release|Any CPU.Build.0 = Release|Any CPU
	EndGlobalSection
	GlobalSection(SolutionProperties) = preSolution
		HideSolutionNode = FALSE
	EndGlobalSection
	GlobalSection(ExtensibilityGlobals) = postSolution
		SolutionGuid = {42EF4143-8D8C-48B2-8730-2A98FA43B9FE}
	EndGlobalSection
EndGlobal
